PODS:
  - Masonry (1.1.0)
  - NXHModule2 (0.0.2)

DEPENDENCIES:
  - Masonry
  - NXHModule2 (from `/Users/niuxinghua/Desktop/ios/module-main/module-main/module-demo2`)

SPEC REPOS:
  https://github.com/cocoapods/specs.git:
    - Masonry

EXTERNAL SOURCES:
  NXHModule2:
    :path: "/Users/niuxinghua/Desktop/ios/module-main/module-main/module-demo2"

SPEC CHECKSUMS:
  Masonry: 678fab65091a9290e40e2832a55e7ab731aad201
  NXHModule2: 61ba95df88782577b28485ec3e2ac6c8526ed2cc

PODFILE CHECKSUM: f497f074608b529518ec781808dec1f85f6bd54c

COCOAPODS: 1.5.3
