PODS:
  - Masonry (1.1.0)
  - NXHModule1 (0.1.6)

DEPENDENCIES:
  - Masonry
  - NXHModule1 (from `../module-demo`)

SPEC REPOS:
  https://github.com/cocoapods/specs.git:
    - Masonry

EXTERNAL SOURCES:
  NXHModule1:
    :path: "../module-demo"

SPEC CHECKSUMS:
  Masonry: 678fab65091a9290e40e2832a55e7ab731aad201
  NXHModule1: f5a312673c881369d2ccf89b6060d2bc4c86e236

PODFILE CHECKSUM: 88878f9e6746322cb7a6deb0fadd3c42b5e25ccb

COCOAPODS: 1.5.3
