// !$*UTF8*$!
{
	archiveVersion = 1;
	classes = {
	};
	objectVersion = 50;
	objects = {

/* Begin PBXBuildFile section */
		E084A2F920C4DCD8009DE2C0 /* AppDelegate.m in Sources */ = {isa = PBXBuildFile; fileRef = E084A2F820C4DCD8009DE2C0 /* AppDelegate.m */; };
		E084A2FC20C4DCD8009DE2C0 /* ViewController.m in Sources */ = {isa = PBXBuildFile; fileRef = E084A2FB20C4DCD8009DE2C0 /* ViewController.m */; };
		E084A2FF20C4DCD8009DE2C0 /* Main.storyboard in Resources */ = {isa = PBXBuildFile; fileRef = E084A2FD20C4DCD8009DE2C0 /* Main.storyboard */; };
		E084A30120C4DCD9009DE2C0 /* Assets.xcassets in Resources */ = {isa = PBXBuildFile; fileRef = E084A30020C4DCD9009DE2C0 /* Assets.xcassets */; };
		E084A30420C4DCD9009DE2C0 /* LaunchScreen.storyboard in Resources */ = {isa = PBXBuildFile; fileRef = E084A30220C4DCD9009DE2C0 /* LaunchScreen.storyboard */; };
		E084A30720C4DCD9009DE2C0 /* main.m in Sources */ = {isa = PBXBuildFile; fileRef = E084A30620C4DCD9009DE2C0 /* main.m */; };
		E084A37620C503CF009DE2C0 /* test.m in Sources */ = {isa = PBXBuildFile; fileRef = E084A37520C503CF009DE2C0 /* test.m */; };
		E084A38420C50998009DE2C0 /* AddFromMain.m in Sources */ = {isa = PBXBuildFile; fileRef = E084A38320C50998009DE2C0 /* AddFromMain.m */; };
/* End PBXBuildFile section */

/* Begin PBXContainerItemProxy section */
		E084A30D20C4DCD9009DE2C0 /* PBXContainerItemProxy */ = {
			isa = PBXContainerItemProxy;
			containerPortal = E084A2EC20C4DCD7009DE2C0 /* Project object */;
			proxyType = 1;
			remoteGlobalIDString = E084A2F320C4DCD7009DE2C0;
			remoteInfo = "模块化子工程";
		};
		E084A31820C4DCD9009DE2C0 /* PBXContainerItemProxy */ = {
			isa = PBXContainerItemProxy;
			containerPortal = E084A2EC20C4DCD7009DE2C0 /* Project object */;
			proxyType = 1;
			remoteGlobalIDString = E084A2F320C4DCD7009DE2C0;
			remoteInfo = "模块化子工程";
		};
/* End PBXContainerItemProxy section */

/* Begin PBXFileReference section */
		E084A2F420C4DCD8009DE2C0 /* 模块化子工程.app */ = {isa = PBXFileReference; explicitFileType = wrapper.application; includeInIndex = 0; path = "模块化子工程.app"; sourceTree = BUILT_PRODUCTS_DIR; };
		E084A2F720C4DCD8009DE2C0 /* AppDelegate.h */ = {isa = PBXFileReference; lastKnownFileType = sourcecode.c.h; path = AppDelegate.h; sourceTree = "<group>"; };
		E084A2F820C4DCD8009DE2C0 /* AppDelegate.m */ = {isa = PBXFileReference; lastKnownFileType = sourcecode.c.objc; path = AppDelegate.m; sourceTree = "<group>"; };
		E084A2FA20C4DCD8009DE2C0 /* ViewController.h */ = {isa = PBXFileReference; lastKnownFileType = sourcecode.c.h; path = ViewController.h; sourceTree = "<group>"; };
		E084A2FB20C4DCD8009DE2C0 /* ViewController.m */ = {isa = PBXFileReference; lastKnownFileType = sourcecode.c.objc; path = ViewController.m; sourceTree = "<group>"; };
		E084A2FE20C4DCD8009DE2C0 /* Base */ = {isa = PBXFileReference; lastKnownFileType = file.storyboard; name = Base; path = Base.lproj/Main.storyboard; sourceTree = "<group>"; };
		E084A30020C4DCD9009DE2C0 /* Assets.xcassets */ = {isa = PBXFileReference; lastKnownFileType = folder.assetcatalog; path = Assets.xcassets; sourceTree = "<group>"; };
		E084A30320C4DCD9009DE2C0 /* Base */ = {isa = PBXFileReference; lastKnownFileType = file.storyboard; name = Base; path = Base.lproj/LaunchScreen.storyboard; sourceTree = "<group>"; };
		E084A30520C4DCD9009DE2C0 /* Info.plist */ = {isa = PBXFileReference; lastKnownFileType = text.plist.xml; path = Info.plist; sourceTree = "<group>"; };
		E084A30620C4DCD9009DE2C0 /* main.m */ = {isa = PBXFileReference; lastKnownFileType = sourcecode.c.objc; path = main.m; sourceTree = "<group>"; };
		E084A30C20C4DCD9009DE2C0 /* 模块化子工程Tests.xctest */ = {isa = PBXFileReference; explicitFileType = wrapper.cfbundle; includeInIndex = 0; path = "模块化子工程Tests.xctest"; sourceTree = BUILT_PRODUCTS_DIR; };
		E084A31720C4DCD9009DE2C0 /* 模块化子工程UITests.xctest */ = {isa = PBXFileReference; explicitFileType = wrapper.cfbundle; includeInIndex = 0; path = "模块化子工程UITests.xctest"; sourceTree = BUILT_PRODUCTS_DIR; };
		E084A37420C503CF009DE2C0 /* test.h */ = {isa = PBXFileReference; lastKnownFileType = sourcecode.c.h; name = test.h; path = sourcefile/test.h; sourceTree = "<group>"; };
		E084A37520C503CF009DE2C0 /* test.m */ = {isa = PBXFileReference; lastKnownFileType = sourcecode.c.objc; name = test.m; path = sourcefile/test.m; sourceTree = "<group>"; };
		E084A38220C50997009DE2C0 /* AddFromMain.h */ = {isa = PBXFileReference; fileEncoding = 4; lastKnownFileType = sourcecode.c.h; name = AddFromMain.h; path = sourcefile/AddFromMain.h; sourceTree = "<group>"; };
		E084A38320C50998009DE2C0 /* AddFromMain.m */ = {isa = PBXFileReference; fileEncoding = 4; lastKnownFileType = sourcecode.c.objc; name = AddFromMain.m; path = sourcefile/AddFromMain.m; sourceTree = "<group>"; };
/* End PBXFileReference section */

/* Begin PBXFrameworksBuildPhase section */
		E084A2F120C4DCD7009DE2C0 /* Frameworks */ = {
			isa = PBXFrameworksBuildPhase;
			buildActionMask = 2147483647;
			files = (
			);
			runOnlyForDeploymentPostprocessing = 0;
		};
		E084A30920C4DCD9009DE2C0 /* Frameworks */ = {
			isa = PBXFrameworksBuildPhase;
			buildActionMask = 2147483647;
			files = (
			);
			runOnlyForDeploymentPostprocessing = 0;
		};
		E084A31420C4DCD9009DE2C0 /* Frameworks */ = {
			isa = PBXFrameworksBuildPhase;
			buildActionMask = 2147483647;
			files = (
			);
			runOnlyForDeploymentPostprocessing = 0;
		};
/* End PBXFrameworksBuildPhase section */

/* Begin PBXGroup section */
		E084A2EB20C4DCD7009DE2C0 = {
			isa = PBXGroup;
			children = (
				E084A38220C50997009DE2C0 /* AddFromMain.h */,
				E084A38320C50998009DE2C0 /* AddFromMain.m */,
				E084A37420C503CF009DE2C0 /* test.h */,
				E084A37520C503CF009DE2C0 /* test.m */,
				E084A2F620C4DCD8009DE2C0 /* 模块化子工程 */,
				E084A2F520C4DCD8009DE2C0 /* Products */,
			);
			sourceTree = "<group>";
		};
		E084A2F520C4DCD8009DE2C0 /* Products */ = {
			isa = PBXGroup;
			children = (
				E084A2F420C4DCD8009DE2C0 /* 模块化子工程.app */,
				E084A30C20C4DCD9009DE2C0 /* 模块化子工程Tests.xctest */,
				E084A31720C4DCD9009DE2C0 /* 模块化子工程UITests.xctest */,
			);
			name = Products;
			sourceTree = "<group>";
		};
		E084A2F620C4DCD8009DE2C0 /* 模块化子工程 */ = {
			isa = PBXGroup;
			children = (
				E084A2F720C4DCD8009DE2C0 /* AppDelegate.h */,
				E084A2F820C4DCD8009DE2C0 /* AppDelegate.m */,
				E084A2FA20C4DCD8009DE2C0 /* ViewController.h */,
				E084A2FB20C4DCD8009DE2C0 /* ViewController.m */,
				E084A2FD20C4DCD8009DE2C0 /* Main.storyboard */,
				E084A30020C4DCD9009DE2C0 /* Assets.xcassets */,
				E084A30220C4DCD9009DE2C0 /* LaunchScreen.storyboard */,
				E084A30520C4DCD9009DE2C0 /* Info.plist */,
				E084A30620C4DCD9009DE2C0 /* main.m */,
			);
			path = "模块化子工程";
			sourceTree = "<group>";
		};
/* End PBXGroup section */

/* Begin PBXNativeTarget section */
		E084A2F320C4DCD7009DE2C0 /* 模块化子工程 */ = {
			isa = PBXNativeTarget;
			buildConfigurationList = E084A32020C4DCD9009DE2C0 /* Build configuration list for PBXNativeTarget "模块化子工程" */;
			buildPhases = (
				E084A2F020C4DCD7009DE2C0 /* Sources */,
				E084A2F120C4DCD7009DE2C0 /* Frameworks */,
				E084A2F220C4DCD7009DE2C0 /* Resources */,
			);
			buildRules = (
			);
			dependencies = (
			);
			name = "模块化子工程";
			productName = "模块化子工程";
			productReference = E084A2F420C4DCD8009DE2C0 /* 模块化子工程.app */;
			productType = "com.apple.product-type.application";
		};
		E084A30B20C4DCD9009DE2C0 /* 模块化子工程Tests */ = {
			isa = PBXNativeTarget;
			buildConfigurationList = E084A32320C4DCD9009DE2C0 /* Build configuration list for PBXNativeTarget "模块化子工程Tests" */;
			buildPhases = (
				E084A30820C4DCD9009DE2C0 /* Sources */,
				E084A30920C4DCD9009DE2C0 /* Frameworks */,
				E084A30A20C4DCD9009DE2C0 /* Resources */,
			);
			buildRules = (
			);
			dependencies = (
				E084A30E20C4DCD9009DE2C0 /* PBXTargetDependency */,
			);
			name = "模块化子工程Tests";
			productName = "模块化子工程Tests";
			productReference = E084A30C20C4DCD9009DE2C0 /* 模块化子工程Tests.xctest */;
			productType = "com.apple.product-type.bundle.unit-test";
		};
		E084A31620C4DCD9009DE2C0 /* 模块化子工程UITests */ = {
			isa = PBXNativeTarget;
			buildConfigurationList = E084A32620C4DCD9009DE2C0 /* Build configuration list for PBXNativeTarget "模块化子工程UITests" */;
			buildPhases = (
				E084A31320C4DCD9009DE2C0 /* Sources */,
				E084A31420C4DCD9009DE2C0 /* Frameworks */,
				E084A31520C4DCD9009DE2C0 /* Resources */,
			);
			buildRules = (
			);
			dependencies = (
				E084A31920C4DCD9009DE2C0 /* PBXTargetDependency */,
			);
			name = "模块化子工程UITests";
			productName = "模块化子工程UITests";
			productReference = E084A31720C4DCD9009DE2C0 /* 模块化子工程UITests.xctest */;
			productType = "com.apple.product-type.bundle.ui-testing";
		};
/* End PBXNativeTarget section */

/* Begin PBXProject section */
		E084A2EC20C4DCD7009DE2C0 /* Project object */ = {
			isa = PBXProject;
			attributes = {
				LastUpgradeCheck = 0930;
				ORGANIZATIONNAME = com.haier;
				TargetAttributes = {
					E084A2F320C4DCD7009DE2C0 = {
						CreatedOnToolsVersion = 9.3.1;
					};
					E084A30B20C4DCD9009DE2C0 = {
						CreatedOnToolsVersion = 9.3.1;
						TestTargetID = E084A2F320C4DCD7009DE2C0;
					};
					E084A31620C4DCD9009DE2C0 = {
						CreatedOnToolsVersion = 9.3.1;
						TestTargetID = E084A2F320C4DCD7009DE2C0;
					};
				};
			};
			buildConfigurationList = E084A2EF20C4DCD7009DE2C0 /* Build configuration list for PBXProject "模块化子工程" */;
			compatibilityVersion = "Xcode 9.3";
			developmentRegion = en;
			hasScannedForEncodings = 0;
			knownRegions = (
				en,
				Base,
			);
			mainGroup = E084A2EB20C4DCD7009DE2C0;
			productRefGroup = E084A2F520C4DCD8009DE2C0 /* Products */;
			projectDirPath = "";
			projectRoot = "";
			targets = (
				E084A2F320C4DCD7009DE2C0 /* 模块化子工程 */,
				E084A30B20C4DCD9009DE2C0 /* 模块化子工程Tests */,
				E084A31620C4DCD9009DE2C0 /* 模块化子工程UITests */,
			);
		};
/* End PBXProject section */

/* Begin PBXResourcesBuildPhase section */
		E084A2F220C4DCD7009DE2C0 /* Resources */ = {
			isa = PBXResourcesBuildPhase;
			buildActionMask = 2147483647;
			files = (
				E084A30420C4DCD9009DE2C0 /* LaunchScreen.storyboard in Resources */,
				E084A30120C4DCD9009DE2C0 /* Assets.xcassets in Resources */,
				E084A2FF20C4DCD8009DE2C0 /* Main.storyboard in Resources */,
			);
			runOnlyForDeploymentPostprocessing = 0;
		};
		E084A30A20C4DCD9009DE2C0 /* Resources */ = {
			isa = PBXResourcesBuildPhase;
			buildActionMask = 2147483647;
			files = (
			);
			runOnlyForDeploymentPostprocessing = 0;
		};
		E084A31520C4DCD9009DE2C0 /* Resources */ = {
			isa = PBXResourcesBuildPhase;
			buildActionMask = 2147483647;
			files = (
			);
			runOnlyForDeploymentPostprocessing = 0;
		};
/* End PBXResourcesBuildPhase section */

/* Begin PBXSourcesBuildPhase section */
		E084A2F020C4DCD7009DE2C0 /* Sources */ = {
			isa = PBXSourcesBuildPhase;
			buildActionMask = 2147483647;
			files = (
				E084A2FC20C4DCD8009DE2C0 /* ViewController.m in Sources */,
				E084A37620C503CF009DE2C0 /* test.m in Sources */,
				E084A30720C4DCD9009DE2C0 /* main.m in Sources */,
				E084A2F920C4DCD8009DE2C0 /* AppDelegate.m in Sources */,
				E084A38420C50998009DE2C0 /* AddFromMain.m in Sources */,
			);
			runOnlyForDeploymentPostprocessing = 0;
		};
		E084A30820C4DCD9009DE2C0 /* Sources */ = {
			isa = PBXSourcesBuildPhase;
			buildActionMask = 2147483647;
			files = (
			);
			runOnlyForDeploymentPostprocessing = 0;
		};
		E084A31320C4DCD9009DE2C0 /* Sources */ = {
			isa = PBXSourcesBuildPhase;
			buildActionMask = 2147483647;
			files = (
			);
			runOnlyForDeploymentPostprocessing = 0;
		};
/* End PBXSourcesBuildPhase section */

/* Begin PBXTargetDependency section */
		E084A30E20C4DCD9009DE2C0 /* PBXTargetDependency */ = {
			isa = PBXTargetDependency;
			target = E084A2F320C4DCD7009DE2C0 /* 模块化子工程 */;
			targetProxy = E084A30D20C4DCD9009DE2C0 /* PBXContainerItemProxy */;
		};
		E084A31920C4DCD9009DE2C0 /* PBXTargetDependency */ = {
			isa = PBXTargetDependency;
			target = E084A2F320C4DCD7009DE2C0 /* 模块化子工程 */;
			targetProxy = E084A31820C4DCD9009DE2C0 /* PBXContainerItemProxy */;
		};
/* End PBXTargetDependency section */

/* Begin PBXVariantGroup section */
		E084A2FD20C4DCD8009DE2C0 /* Main.storyboard */ = {
			isa = PBXVariantGroup;
			children = (
				E084A2FE20C4DCD8009DE2C0 /* Base */,
			);
			name = Main.storyboard;
			sourceTree = "<group>";
		};
		E084A30220C4DCD9009DE2C0 /* LaunchScreen.storyboard */ = {
			isa = PBXVariantGroup;
			children = (
				E084A30320C4DCD9009DE2C0 /* Base */,
			);
			name = LaunchScreen.storyboard;
			sourceTree = "<group>";
		};
/* End PBXVariantGroup section */

/* Begin XCBuildConfiguration section */
		E084A31E20C4DCD9009DE2C0 /* Debug */ = {
			isa = XCBuildConfiguration;
			buildSettings = {
				ALWAYS_SEARCH_USER_PATHS = NO;
				CLANG_ANALYZER_NONNULL = YES;
				CLANG_ANALYZER_NUMBER_OBJECT_CONVERSION = YES_AGGRESSIVE;
				CLANG_CXX_LANGUAGE_STANDARD = "gnu++14";
				CLANG_CXX_LIBRARY = "libc++";
				CLANG_ENABLE_MODULES = YES;
				CLANG_ENABLE_OBJC_ARC = YES;
				CLANG_ENABLE_OBJC_WEAK = YES;
				CLANG_WARN_BLOCK_CAPTURE_AUTORELEASING = YES;
				CLANG_WARN_BOOL_CONVERSION = YES;
				CLANG_WARN_COMMA = YES;
				CLANG_WARN_CONSTANT_CONVERSION = YES;
				CLANG_WARN_DEPRECATED_OBJC_IMPLEMENTATIONS = YES;
				CLANG_WARN_DIRECT_OBJC_ISA_USAGE = YES_ERROR;
				CLANG_WARN_DOCUMENTATION_COMMENTS = YES;
				CLANG_WARN_EMPTY_BODY = YES;
				CLANG_WARN_ENUM_CONVERSION = YES;
				CLANG_WARN_INFINITE_RECURSION = YES;
				CLANG_WARN_INT_CONVERSION = YES;
				CLANG_WARN_NON_LITERAL_NULL_CONVERSION = YES;
				CLANG_WARN_OBJC_IMPLICIT_RETAIN_SELF = YES;
				CLANG_WARN_OBJC_LITERAL_CONVERSION = YES;
				CLANG_WARN_OBJC_ROOT_CLASS = YES_ERROR;
				CLANG_WARN_RANGE_LOOP_ANALYSIS = YES;
				CLANG_WARN_STRICT_PROTOTYPES = YES;
				CLANG_WARN_SUSPICIOUS_MOVE = YES;
				CLANG_WARN_UNGUARDED_AVAILABILITY = YES_AGGRESSIVE;
				CLANG_WARN_UNREACHABLE_CODE = YES;
				CLANG_WARN__DUPLICATE_METHOD_MATCH = YES;
				CODE_SIGN_IDENTITY = "iPhone Developer";
				COPY_PHASE_STRIP = NO;
				DEBUG_INFORMATION_FORMAT = dwarf;
				ENABLE_STRICT_OBJC_MSGSEND = YES;
				ENABLE_TESTABILITY = YES;
				GCC_C_LANGUAGE_STANDARD = gnu11;
				GCC_DYNAMIC_NO_PIC = NO;
				GCC_NO_COMMON_BLOCKS = YES;
				GCC_OPTIMIZATION_LEVEL = 0;
				GCC_PREPROCESSOR_DEFINITIONS = (
					"DEBUG=1",
					"$(inherited)",
				);
				GCC_WARN_64_TO_32_BIT_CONVERSION = YES;
				GCC_WARN_ABOUT_RETURN_TYPE = YES_ERROR;
				GCC_WARN_UNDECLARED_SELECTOR = YES;
				GCC_WARN_UNINITIALIZED_AUTOS = YES_AGGRESSIVE;
				GCC_WARN_UNUSED_FUNCTION = YES;
				GCC_WARN_UNUSED_VARIABLE = YES;
				IPHONEOS_DEPLOYMENT_TARGET = 11.3;
				MTL_ENABLE_DEBUG_INFO = YES;
				ONLY_ACTIVE_ARCH = YES;
				SDKROOT = iphoneos;
			};
			name = Debug;
		};
		E084A31F20C4DCD9009DE2C0 /* Release */ = {
			isa = XCBuildConfiguration;
			buildSettings = {
				ALWAYS_SEARCH_USER_PATHS = NO;
				CLANG_ANALYZER_NONNULL = YES;
				CLANG_ANALYZER_NUMBER_OBJECT_CONVERSION = YES_AGGRESSIVE;
				CLANG_CXX_LANGUAGE_STANDARD = "gnu++14";
				CLANG_CXX_LIBRARY = "libc++";
				CLANG_ENABLE_MODULES = YES;
				CLANG_ENABLE_OBJC_ARC = YES;
				CLANG_ENABLE_OBJC_WEAK = YES;
				CLANG_WARN_BLOCK_CAPTURE_AUTORELEASING = YES;
				CLANG_WARN_BOOL_CONVERSION = YES;
				CLANG_WARN_COMMA = YES;
				CLANG_WARN_CONSTANT_CONVERSION = YES;
				CLANG_WARN_DEPRECATED_OBJC_IMPLEMENTATIONS = YES;
				CLANG_WARN_DIRECT_OBJC_ISA_USAGE = YES_ERROR;
				CLANG_WARN_DOCUMENTATION_COMMENTS = YES;
				CLANG_WARN_EMPTY_BODY = YES;
				CLANG_WARN_ENUM_CONVERSION = YES;
				CLANG_WARN_INFINITE_RECURSION = YES;
				CLANG_WARN_INT_CONVERSION = YES;
				CLANG_WARN_NON_LITERAL_NULL_CONVERSION = YES;
				CLANG_WARN_OBJC_IMPLICIT_RETAIN_SELF = YES;
				CLANG_WARN_OBJC_LITERAL_CONVERSION = YES;
				CLANG_WARN_OBJC_ROOT_CLASS = YES_ERROR;
				CLANG_WARN_RANGE_LOOP_ANALYSIS = YES;
				CLANG_WARN_STRICT_PROTOTYPES = YES;
				CLANG_WARN_SUSPICIOUS_MOVE = YES;
				CLANG_WARN_UNGUARDED_AVAILABILITY = YES_AGGRESSIVE;
				CLANG_WARN_UNREACHABLE_CODE = YES;
				CLANG_WARN__DUPLICATE_METHOD_MATCH = YES;
				CODE_SIGN_IDENTITY = "iPhone Developer";
				COPY_PHASE_STRIP = NO;
				DEBUG_INFORMATION_FORMAT = "dwarf-with-dsym";
				ENABLE_NS_ASSERTIONS = NO;
				ENABLE_STRICT_OBJC_MSGSEND = YES;
				GCC_C_LANGUAGE_STANDARD = gnu11;
				GCC_NO_COMMON_BLOCKS = YES;
				GCC_WARN_64_TO_32_BIT_CONVERSION = YES;
				GCC_WARN_ABOUT_RETURN_TYPE = YES_ERROR;
				GCC_WARN_UNDECLARED_SELECTOR = YES;
				GCC_WARN_UNINITIALIZED_AUTOS = YES_AGGRESSIVE;
				GCC_WARN_UNUSED_FUNCTION = YES;
				GCC_WARN_UNUSED_VARIABLE = YES;
				IPHONEOS_DEPLOYMENT_TARGET = 11.3;
				MTL_ENABLE_DEBUG_INFO = NO;
				SDKROOT = iphoneos;
				VALIDATE_PRODUCT = YES;
			};
			name = Release;
		};
		E084A32120C4DCD9009DE2C0 /* Debug */ = {
			isa = XCBuildConfiguration;
			buildSettings = {
				ASSETCATALOG_COMPILER_APPICON_NAME = AppIcon;
				CODE_SIGN_STYLE = Automatic;
				DEVELOPMENT_TEAM = AZFKV3S428;
				INFOPLIST_FILE = "模块化子工程/Info.plist";
				LD_RUNPATH_SEARCH_PATHS = (
					"$(inherited)",
					"@executable_path/Frameworks",
				);
				PRODUCT_BUNDLE_IDENTIFIER = "estorescanreport.------";
				PRODUCT_NAME = "$(TARGET_NAME)";
				TARGETED_DEVICE_FAMILY = "1,2";
			};
			name = Debug;
		};
		E084A32220C4DCD9009DE2C0 /* Release */ = {
			isa = XCBuildConfiguration;
			buildSettings = {
				ASSETCATALOG_COMPILER_APPICON_NAME = AppIcon;
				CODE_SIGN_STYLE = Automatic;
				DEVELOPMENT_TEAM = AZFKV3S428;
				INFOPLIST_FILE = "模块化子工程/Info.plist";
				LD_RUNPATH_SEARCH_PATHS = (
					"$(inherited)",
					"@executable_path/Frameworks",
				);
				PRODUCT_BUNDLE_IDENTIFIER = "estorescanreport.------";
				PRODUCT_NAME = "$(TARGET_NAME)";
				TARGETED_DEVICE_FAMILY = "1,2";
			};
			name = Release;
		};
		E084A32420C4DCD9009DE2C0 /* Debug */ = {
			isa = XCBuildConfiguration;
			buildSettings = {
				BUNDLE_LOADER = "$(TEST_HOST)";
				CODE_SIGN_STYLE = Automatic;
				DEVELOPMENT_TEAM = AZFKV3S428;
				INFOPLIST_FILE = "模块化子工程Tests/Info.plist";
				LD_RUNPATH_SEARCH_PATHS = (
					"$(inherited)",
					"@executable_path/Frameworks",
					"@loader_path/Frameworks",
				);
				PRODUCT_BUNDLE_IDENTIFIER = "estorescanreport.------Tests";
				PRODUCT_NAME = "$(TARGET_NAME)";
				TARGETED_DEVICE_FAMILY = "1,2";
				TEST_HOST = "$(BUILT_PRODUCTS_DIR)/模块化子工程.app/模块化子工程";
			};
			name = Debug;
		};
		E084A32520C4DCD9009DE2C0 /* Release */ = {
			isa = XCBuildConfiguration;
			buildSettings = {
				BUNDLE_LOADER = "$(TEST_HOST)";
				CODE_SIGN_STYLE = Automatic;
				DEVELOPMENT_TEAM = AZFKV3S428;
				INFOPLIST_FILE = "模块化子工程Tests/Info.plist";
				LD_RUNPATH_SEARCH_PATHS = (
					"$(inherited)",
					"@executable_path/Frameworks",
					"@loader_path/Frameworks",
				);
				PRODUCT_BUNDLE_IDENTIFIER = "estorescanreport.------Tests";
				PRODUCT_NAME = "$(TARGET_NAME)";
				TARGETED_DEVICE_FAMILY = "1,2";
				TEST_HOST = "$(BUILT_PRODUCTS_DIR)/模块化子工程.app/模块化子工程";
			};
			name = Release;
		};
		E084A32720C4DCD9009DE2C0 /* Debug */ = {
			isa = XCBuildConfiguration;
			buildSettings = {
				CODE_SIGN_STYLE = Automatic;
				DEVELOPMENT_TEAM = AZFKV3S428;
				INFOPLIST_FILE = "模块化子工程UITests/Info.plist";
				LD_RUNPATH_SEARCH_PATHS = (
					"$(inherited)",
					"@executable_path/Frameworks",
					"@loader_path/Frameworks",
				);
				PRODUCT_BUNDLE_IDENTIFIER = "estorescanreport.------UITests";
				PRODUCT_NAME = "$(TARGET_NAME)";
				TARGETED_DEVICE_FAMILY = "1,2";
				TEST_TARGET_NAME = "模块化子工程";
			};
			name = Debug;
		};
		E084A32820C4DCD9009DE2C0 /* Release */ = {
			isa = XCBuildConfiguration;
			buildSettings = {
				CODE_SIGN_STYLE = Automatic;
				DEVELOPMENT_TEAM = AZFKV3S428;
				INFOPLIST_FILE = "模块化子工程UITests/Info.plist";
				LD_RUNPATH_SEARCH_PATHS = (
					"$(inherited)",
					"@executable_path/Frameworks",
					"@loader_path/Frameworks",
				);
				PRODUCT_BUNDLE_IDENTIFIER = "estorescanreport.------UITests";
				PRODUCT_NAME = "$(TARGET_NAME)";
				TARGETED_DEVICE_FAMILY = "1,2";
				TEST_TARGET_NAME = "模块化子工程";
			};
			name = Release;
		};
/* End XCBuildConfiguration section */

/* Begin XCConfigurationList section */
		E084A2EF20C4DCD7009DE2C0 /* Build configuration list for PBXProject "模块化子工程" */ = {
			isa = XCConfigurationList;
			buildConfigurations = (
				E084A31E20C4DCD9009DE2C0 /* Debug */,
				E084A31F20C4DCD9009DE2C0 /* Release */,
			);
			defaultConfigurationIsVisible = 0;
			defaultConfigurationName = Release;
		};
		E084A32020C4DCD9009DE2C0 /* Build configuration list for PBXNativeTarget "模块化子工程" */ = {
			isa = XCConfigurationList;
			buildConfigurations = (
				E084A32120C4DCD9009DE2C0 /* Debug */,
				E084A32220C4DCD9009DE2C0 /* Release */,
			);
			defaultConfigurationIsVisible = 0;
			defaultConfigurationName = Release;
		};
		E084A32320C4DCD9009DE2C0 /* Build configuration list for PBXNativeTarget "模块化子工程Tests" */ = {
			isa = XCConfigurationList;
			buildConfigurations = (
				E084A32420C4DCD9009DE2C0 /* Debug */,
				E084A32520C4DCD9009DE2C0 /* Release */,
			);
			defaultConfigurationIsVisible = 0;
			defaultConfigurationName = Release;
		};
		E084A32620C4DCD9009DE2C0 /* Build configuration list for PBXNativeTarget "模块化子工程UITests" */ = {
			isa = XCConfigurationList;
			buildConfigurations = (
				E084A32720C4DCD9009DE2C0 /* Debug */,
				E084A32820C4DCD9009DE2C0 /* Release */,
			);
			defaultConfigurationIsVisible = 0;
			defaultConfigurationName = Release;
		};
/* End XCConfigurationList section */
	};
	rootObject = E084A2EC20C4DCD7009DE2C0 /* Project object */;
}
